{
  "name": "wxgame_xxl",
  "version": "1.0.0",
  "lockfileVersion": 1,
  "requires": true,
  "dependencies": {
    "dom-parser": {
      "version": "0.1.5",
      "resolved": "http://registry.npm.taobao.org/dom-parser/download/dom-parser-0.1.5.tgz",
      "integrity": "sha1-pPYBn5oxW3XXQoqqfMv1vYWeFvs="
    }
  }
}
